
Microsoft Visual Studio Solution File, Format Version 12.00
# Visual Studio Version 17
VisualStudioVersion = 17.2.32505.173
MinimumVisualStudioVersion = 10.0.40219.1
Project("{FAE04EC0-301F-11D3-BF4B-00C04F79EFBC}") = "DataAccess", "DataAccess\DataAccess.csproj", "{ACC9E184-1693-4B79-B732-6B6B5CB655E8}"
EndProject
Project("{FAE04EC0-301F-11D3-BF4B-00C04F79EFBC}") = "API1", "API1\API1.csproj", "{CCEC2FD2-CB41-46F3-A963-7A1276F6E5EF}"
	ProjectSection(ProjectDependencies) = postProject
		{ACC9E184-1693-4B79-B732-6B6B5CB655E8} = {ACC9E184-1693-4B79-B732-6B6B5CB655E8}
	EndProjectSection
EndProject
Global
	GlobalSection(SolutionConfigurationPlatforms) = preSolution
		Debug|Any CPU = Debug|Any CPU
		Release|Any CPU = Release|Any CPU
	EndGlobalSection
	GlobalSection(ProjectConfigurationPlatforms) = postSolution
		{ACC9E184-1693-4B79-B732-6B6B5CB655E8}.Debug|Any CPU.ActiveCfg = Debug|Any CPU
		{ACC9E184-1693-4B79-B732-6B6B5CB655E8}.Debug|Any CPU.Build.0 = Debug|Any CPU
		{ACC9E184-1693-4B79-B732-6B6B5CB655E8}.Release|Any CPU.ActiveCfg = Release|Any CPU
		{ACC9E184-1693-4B79-B732-6B6B5CB655E8}.Release|Any CPU.Build.0 = Release|Any CPU
		{CCEC2FD2-CB41-46F3-A963-7A1276F6E5EF}.Debug|Any CPU.ActiveCfg = Debug|Any CPU
		{CCEC2FD2-CB41-46F3-A963-7A1276F6E5EF}.Debug|Any CPU.Build.0 = Debug|Any CPU
		{CCEC2FD2-CB41-46F3-A963-7A1276F6E5EF}.Release|Any CPU.ActiveCfg = Release|Any CPU
		{CCEC2FD2-CB41-46F3-A963-7A1276F6E5EF}.Release|Any CPU.Build.0 = Release|Any CPU
	EndGlobalSection
	GlobalSection(SolutionProperties) = preSolution
		HideSolutionNode = FALSE
	EndGlobalSection
	GlobalSection(ExtensibilityGlobals) = postSolution
		SolutionGuid = {0244C4AC-069E-449F-8159-EA06109187E1}
	EndGlobalSection
EndGlobal
